
Microsoft Visual Studio Solution File, Format Version 11.00
# Visual C# Express 2010
Project("{FAE04EC0-301F-11D3-BF4B-00C04F79EFBC}") = "FotoDB", "FotoDB\FotoDB.csproj", "{1ADF4C4F-3E05-460F-9F4F-04B7670073CD}"
EndProject
Project("{FAE04EC0-301F-11D3-BF4B-00C04F79EFBC}") = "CsEpo", "..\mytools\CsEpo\CsEpo.csproj", "{94C8ABC7-5DF0-4BC9-B76D-8B8E1B8BCDB8}"
EndProject
Project("{FAE04EC0-301F-11D3-BF4B-00C04F79EFBC}") = "CsNman", "..\mytools\CsNman\CsNman.csproj", "{7A5FFE0E-C675-4393-85A1-B63031CBEBF0}"
EndProject
Global
	GlobalSection(SolutionConfigurationPlatforms) = preSolution
		Debug|Any CPU = Debug|Any CPU
		Release|Any CPU = Release|Any CPU
	EndGlobalSection
	GlobalSection(ProjectConfigurationPlatforms) = postSolution
		{1ADF4C4F-3E05-460F-9F4F-04B7670073CD}.Debug|Any CPU.ActiveCfg = Debug|Any CPU
		{1ADF4C4F-3E05-460F-9F4F-04B7670073CD}.Debug|Any CPU.Build.0 = Debug|Any CPU
		{1ADF4C4F-3E05-460F-9F4F-04B7670073CD}.Release|Any CPU.ActiveCfg = Release|Any CPU
		{1ADF4C4F-3E05-460F-9F4F-04B7670073CD}.Release|Any CPU.Build.0 = Release|Any CPU
		{94C8ABC7-5DF0-4BC9-B76D-8B8E1B8BCDB8}.Debug|Any CPU.ActiveCfg = Debug|Any CPU
		{94C8ABC7-5DF0-4BC9-B76D-8B8E1B8BCDB8}.Debug|Any CPU.Build.0 = Debug|Any CPU
		{94C8ABC7-5DF0-4BC9-B76D-8B8E1B8BCDB8}.Release|Any CPU.ActiveCfg = Release|Any CPU
		{94C8ABC7-5DF0-4BC9-B76D-8B8E1B8BCDB8}.Release|Any CPU.Build.0 = Release|Any CPU
		{7A5FFE0E-C675-4393-85A1-B63031CBEBF0}.Debug|Any CPU.ActiveCfg = Debug|Any CPU
		{7A5FFE0E-C675-4393-85A1-B63031CBEBF0}.Debug|Any CPU.Build.0 = Debug|Any CPU
		{7A5FFE0E-C675-4393-85A1-B63031CBEBF0}.Release|Any CPU.ActiveCfg = Release|Any CPU
		{7A5FFE0E-C675-4393-85A1-B63031CBEBF0}.Release|Any CPU.Build.0 = Release|Any CPU
	EndGlobalSection
	GlobalSection(SolutionProperties) = preSolution
		HideSolutionNode = FALSE
	EndGlobalSection
EndGlobal
